
Microsoft Visual Studio Solution File, Format Version 12.00
# Visual Studio 15
VisualStudioVersion = 15.0.26228.9
MinimumVisualStudioVersion = 10.0.40219.1
Project("{FAE04EC0-301F-11D3-BF4B-00C04F79EFBC}") = "TSS.SharpedJs", "TSS.SharpedJs\TSS.SharpedJs.csproj", "{715CE312-3B1A-42DD-9461-9B6ABCD32553}"
EndProject
Global
	GlobalSection(SolutionConfigurationPlatforms) = preSolution
		Debug|Any CPU = Debug|Any CPU
		Release|Any CPU = Release|Any CPU
	EndGlobalSection
	GlobalSection(ProjectConfigurationPlatforms) = postSolution
		{715CE312-3B1A-42DD-9461-9B6ABCD32553}.Debug|Any CPU.ActiveCfg = Debug|Any CPU
		{715CE312-3B1A-42DD-9461-9B6ABCD32553}.Debug|Any CPU.Build.0 = Debug|Any CPU
		{715CE312-3B1A-42DD-9461-9B6ABCD32553}.Release|Any CPU.ActiveCfg = Release|Any CPU
		{715CE312-3B1A-42DD-9461-9B6ABCD32553}.Release|Any CPU.Build.0 = Release|Any CPU
	EndGlobalSection
	GlobalSection(SolutionProperties) = preSolution
		HideSolutionNode = FALSE
	EndGlobalSection
EndGlobal
